
Microsoft Visual Studio Solution File, Format Version 12.00
# Visual Studio 2015
Project("{FAE04EC0-301F-11D3-BF4B-00C04F79EFBC}") = "LetsTryThisShit", "LetsTryThisShit.csproj", "{BD4BE7F8-4C71-78D1-DE0A-3FF0F259D015}"
EndProject
Global
	GlobalSection(SolutionConfigurationPlatforms) = preSolution
		Debug|Any CPU = Debug|Any CPU
		Release|Any CPU = Release|Any CPU
	EndGlobalSection
	GlobalSection(ProjectConfigurationPlatforms) = postSolution
		{BD4BE7F8-4C71-78D1-DE0A-3FF0F259D015}.Debug|Any CPU.ActiveCfg = Debug|Any CPU
		{BD4BE7F8-4C71-78D1-DE0A-3FF0F259D015}.Debug|Any CPU.Build.0 = Debug|Any CPU
		{BD4BE7F8-4C71-78D1-DE0A-3FF0F259D015}.Release|Any CPU.ActiveCfg = Release|Any CPU
		{BD4BE7F8-4C71-78D1-DE0A-3FF0F259D015}.Release|Any CPU.Build.0 = Release|Any CPU
	EndGlobalSection
	GlobalSection(SolutionProperties) = preSolution
		HideSolutionNode = FALSE
	EndGlobalSection
EndGlobal
